{
  "name": "creative-coding",
  "version": "1.0.0",
  "lockfileVersion": 3,
  "requires": true,
  "packages": {
    "": {
      "name": "creative-coding",
      "version": "1.0.0",
      "license": "ISC",
      "dependencies": {
        "eases": "^1.0.8"
      }
    },
    "node_modules/eases": {
      "version": "1.0.8",
      "resolved": "https://registry.npmjs.org/eases/-/eases-1.0.8.tgz",
      "integrity": "sha512-U8TwgFYPktV07tV9yxoIu9TIWsXHGOuDJNXlyihWEMnGMXaoh2kkfWf0N1itbCjHWrgs+/leubuG7m+OgkfA0Q=="
    }
  }
}
